
Microsoft Visual Studio Solution File, Format Version 12.00
# Visual Studio 2012
Project("{FAE04EC0-301F-11D3-BF4B-00C04F79EFBC}") = "EpServerEngineSampleServer", "EpServerEngineSampleServer\EpServerEngineSampleServer.csproj", "{85A99C24-025A-4A4D-ABC9-8B4366EBAE9C}"
	ProjectSection(ProjectDependencies) = postProject
		{63739890-8C4A-43A9-A33E-E6172498EF0F} = {63739890-8C4A-43A9-A33E-E6172498EF0F}
		{166162DF-96C8-4034-AE61-E25B2380DD9A} = {166162DF-96C8-4034-AE61-E25B2380DD9A}
	EndProjectSection
EndProject
Project("{FAE04EC0-301F-11D3-BF4B-00C04F79EFBC}") = "EpServerEngine.cs", "..\EpServerEngine.cs\EpServerEngine.cs\EpServerEngine.cs.csproj", "{63739890-8C4A-43A9-A33E-E6172498EF0F}"
EndProject
Project("{FAE04EC0-301F-11D3-BF4B-00C04F79EFBC}") = "EpLibrary.cs", "..\..\EpLibrary.cs\EpLibrary.cs\EpLibrary.cs\EpLibrary.cs.csproj", "{166162DF-96C8-4034-AE61-E25B2380DD9A}"
EndProject
Global
	GlobalSection(SolutionConfigurationPlatforms) = preSolution
		Debug|Any CPU = Debug|Any CPU
		Release|Any CPU = Release|Any CPU
	EndGlobalSection
	GlobalSection(ProjectConfigurationPlatforms) = postSolution
		{85A99C24-025A-4A4D-ABC9-8B4366EBAE9C}.Debug|Any CPU.ActiveCfg = Debug|Any CPU
		{85A99C24-025A-4A4D-ABC9-8B4366EBAE9C}.Debug|Any CPU.Build.0 = Debug|Any CPU
		{85A99C24-025A-4A4D-ABC9-8B4366EBAE9C}.Release|Any CPU.ActiveCfg = Release|Any CPU
		{85A99C24-025A-4A4D-ABC9-8B4366EBAE9C}.Release|Any CPU.Build.0 = Release|Any CPU
		{63739890-8C4A-43A9-A33E-E6172498EF0F}.Debug|Any CPU.ActiveCfg = Debug|Any CPU
		{63739890-8C4A-43A9-A33E-E6172498EF0F}.Debug|Any CPU.Build.0 = Debug|Any CPU
		{63739890-8C4A-43A9-A33E-E6172498EF0F}.Release|Any CPU.ActiveCfg = Release|Any CPU
		{63739890-8C4A-43A9-A33E-E6172498EF0F}.Release|Any CPU.Build.0 = Release|Any CPU
		{166162DF-96C8-4034-AE61-E25B2380DD9A}.Debug|Any CPU.ActiveCfg = Debug|Any CPU
		{166162DF-96C8-4034-AE61-E25B2380DD9A}.Debug|Any CPU.Build.0 = Debug|Any CPU
		{166162DF-96C8-4034-AE61-E25B2380DD9A}.Release|Any CPU.ActiveCfg = Release|Any CPU
		{166162DF-96C8-4034-AE61-E25B2380DD9A}.Release|Any CPU.Build.0 = Release|Any CPU
	EndGlobalSection
	GlobalSection(SolutionProperties) = preSolution
		HideSolutionNode = FALSE
	EndGlobalSection
EndGlobal
