
Microsoft Visual Studio Solution File, Format Version 12.00
# Visual Studio 2012
Project("{FAE04EC0-301F-11D3-BF4B-00C04F79EFBC}") = "EpServerEngine.cs", "EpServerEngine.cs\EpServerEngine.cs.csproj", "{63739890-8C4A-43A9-A33E-E6172498EF0F}"
EndProject
Global
	GlobalSection(SolutionConfigurationPlatforms) = preSolution
		Debug|Any CPU = Debug|Any CPU
		Release|Any CPU = Release|Any CPU
	EndGlobalSection
	GlobalSection(ProjectConfigurationPlatforms) = postSolution
		{63739890-8C4A-43A9-A33E-E6172498EF0F}.Debug|Any CPU.ActiveCfg = Debug|Any CPU
		{63739890-8C4A-43A9-A33E-E6172498EF0F}.Debug|Any CPU.Build.0 = Debug|Any CPU
		{63739890-8C4A-43A9-A33E-E6172498EF0F}.Release|Any CPU.ActiveCfg = Release|Any CPU
		{63739890-8C4A-43A9-A33E-E6172498EF0F}.Release|Any CPU.Build.0 = Release|Any CPU
	EndGlobalSection
	GlobalSection(SolutionProperties) = preSolution
		HideSolutionNode = FALSE
	EndGlobalSection
EndGlobal
